
Microsoft Visual Studio Solution File, Format Version 12.00
# Visual Studio Version 17
VisualStudioVersion = 17.4.33205.214
MinimumVisualStudioVersion = 10.0.40219.1
Project("{9A19103F-16F7-4668-BE54-9A1E7A4F7556}") = "aspnetapp", "aspnetapp.csproj", "{26C74002-A2D9-48D4-A1BE-7BAC0D9A966B}"
EndProject
Project("{2150E333-8FDC-42A3-9474-1A3956D46DE8}") = "ApplicationLayer", "ApplicationLayer", "{5366FAAA-B1EE-4CFC-B150-7E92577A8EA7}"
EndProject
Project("{2150E333-8FDC-42A3-9474-1A3956D46DE8}") = "DataLayer", "DataLayer", "{D7848DEA-2AAE-44E4-86C4-559F074F554E}"
EndProject
Project("{9A19103F-16F7-4668-BE54-9A1E7A4F7556}") = "Fitness.Backend.Application", "..\Fitness.Backend.Application\Fitness.Backend.Application.csproj", "{CCD61A52-6870-43C5-8C76-C75D5EFB27D6}"
EndProject
Project("{9A19103F-16F7-4668-BE54-9A1E7A4F7556}") = "Fitness.Backend.Application.Contracts", "..\Fitness.Backend.Application.Contracts\Fitness.Backend.Application.Contracts.csproj", "{25BD34D7-BA92-41FF-8E27-6990D60A5DF7}"
EndProject
Project("{9A19103F-16F7-4668-BE54-9A1E7A4F7556}") = "Fitness.Backend.Application.DataContracts", "..\Fitness.Backend.Application.DataContracts\Fitness.Backend.Application.DataContracts.csproj", "{6738F222-06A7-4DBC-A0E5-47096B9744CD}"
EndProject
Project("{9A19103F-16F7-4668-BE54-9A1E7A4F7556}") = "Fitness.Backend.Repositories", "..\Fitness.Backend.Repositories\Fitness.Backend.Repositories.csproj", "{1C7B1B0C-874F-4CE9-97AB-B6E7061112DE}"
EndProject
Project("{9A19103F-16F7-4668-BE54-9A1E7A4F7556}") = "Fitness.Backend.Services", "..\Fitness.Backend.Services\Fitness.Backend.Services.csproj", "{3CDDD731-BAD2-4E2E-86A1-89BEE73D432F}"
EndProject
Project("{2150E333-8FDC-42A3-9474-1A3956D46DE8}") = "PresentationLayer", "PresentationLayer", "{4B56A009-5096-4CF1-9E13-79CDD3E36FBB}"
EndProject
Global
	GlobalSection(SolutionConfigurationPlatforms) = preSolution
		Debug|Any CPU = Debug|Any CPU
		Release|Any CPU = Release|Any CPU
	EndGlobalSection
	GlobalSection(ProjectConfigurationPlatforms) = postSolution
		{26C74002-A2D9-48D4-A1BE-7BAC0D9A966B}.Debug|Any CPU.ActiveCfg = Debug|Any CPU
		{26C74002-A2D9-48D4-A1BE-7BAC0D9A966B}.Debug|Any CPU.Build.0 = Debug|Any CPU
		{26C74002-A2D9-48D4-A1BE-7BAC0D9A966B}.Release|Any CPU.ActiveCfg = Release|Any CPU
		{26C74002-A2D9-48D4-A1BE-7BAC0D9A966B}.Release|Any CPU.Build.0 = Release|Any CPU
		{CCD61A52-6870-43C5-8C76-C75D5EFB27D6}.Debug|Any CPU.ActiveCfg = Debug|Any CPU
		{CCD61A52-6870-43C5-8C76-C75D5EFB27D6}.Debug|Any CPU.Build.0 = Debug|Any CPU
		{CCD61A52-6870-43C5-8C76-C75D5EFB27D6}.Release|Any CPU.ActiveCfg = Release|Any CPU
		{CCD61A52-6870-43C5-8C76-C75D5EFB27D6}.Release|Any CPU.Build.0 = Release|Any CPU
		{25BD34D7-BA92-41FF-8E27-6990D60A5DF7}.Debug|Any CPU.ActiveCfg = Debug|Any CPU
		{25BD34D7-BA92-41FF-8E27-6990D60A5DF7}.Debug|Any CPU.Build.0 = Debug|Any CPU
		{25BD34D7-BA92-41FF-8E27-6990D60A5DF7}.Release|Any CPU.ActiveCfg = Release|Any CPU
		{25BD34D7-BA92-41FF-8E27-6990D60A5DF7}.Release|Any CPU.Build.0 = Release|Any CPU
		{6738F222-06A7-4DBC-A0E5-47096B9744CD}.Debug|Any CPU.ActiveCfg = Debug|Any CPU
		{6738F222-06A7-4DBC-A0E5-47096B9744CD}.Debug|Any CPU.Build.0 = Debug|Any CPU
		{6738F222-06A7-4DBC-A0E5-47096B9744CD}.Release|Any CPU.ActiveCfg = Release|Any CPU
		{6738F222-06A7-4DBC-A0E5-47096B9744CD}.Release|Any CPU.Build.0 = Release|Any CPU
		{1C7B1B0C-874F-4CE9-97AB-B6E7061112DE}.Debug|Any CPU.ActiveCfg = Debug|Any CPU
		{1C7B1B0C-874F-4CE9-97AB-B6E7061112DE}.Debug|Any CPU.Build.0 = Debug|Any CPU
		{1C7B1B0C-874F-4CE9-97AB-B6E7061112DE}.Release|Any CPU.ActiveCfg = Release|Any CPU
		{1C7B1B0C-874F-4CE9-97AB-B6E7061112DE}.Release|Any CPU.Build.0 = Release|Any CPU
		{3CDDD731-BAD2-4E2E-86A1-89BEE73D432F}.Debug|Any CPU.ActiveCfg = Debug|Any CPU
		{3CDDD731-BAD2-4E2E-86A1-89BEE73D432F}.Debug|Any CPU.Build.0 = Debug|Any CPU
		{3CDDD731-BAD2-4E2E-86A1-89BEE73D432F}.Release|Any CPU.ActiveCfg = Release|Any CPU
		{3CDDD731-BAD2-4E2E-86A1-89BEE73D432F}.Release|Any CPU.Build.0 = Release|Any CPU
	EndGlobalSection
	GlobalSection(SolutionProperties) = preSolution
		HideSolutionNode = FALSE
	EndGlobalSection
	GlobalSection(NestedProjects) = preSolution
		{26C74002-A2D9-48D4-A1BE-7BAC0D9A966B} = {4B56A009-5096-4CF1-9E13-79CDD3E36FBB}
		{CCD61A52-6870-43C5-8C76-C75D5EFB27D6} = {5366FAAA-B1EE-4CFC-B150-7E92577A8EA7}
		{25BD34D7-BA92-41FF-8E27-6990D60A5DF7} = {5366FAAA-B1EE-4CFC-B150-7E92577A8EA7}
		{6738F222-06A7-4DBC-A0E5-47096B9744CD} = {5366FAAA-B1EE-4CFC-B150-7E92577A8EA7}
		{1C7B1B0C-874F-4CE9-97AB-B6E7061112DE} = {D7848DEA-2AAE-44E4-86C4-559F074F554E}
		{3CDDD731-BAD2-4E2E-86A1-89BEE73D432F} = {D7848DEA-2AAE-44E4-86C4-559F074F554E}
	EndGlobalSection
	GlobalSection(ExtensibilityGlobals) = postSolution
		SolutionGuid = {01A2FBCF-6E22-4904-9328-13DB4D7ABEDC}
	EndGlobalSection
EndGlobal
